
Microsoft Visual Studio Solution File, Format Version 12.00
# Visual Studio Version 16
VisualStudioVersion = 16.0.30611.23
MinimumVisualStudioVersion = 10.0.40219.1
Project("{2150E333-8FDC-42A3-9474-1A3956D46DE8}") = "User", "User", "{85217F4D-AEFA-4008-8B7A-DF02959DF70F}"
EndProject
Project("{9A19103F-16F7-4668-BE54-9A1E7A4F7556}") = "User.Api", "User\User.Api\User.Api.csproj", "{30CB822E-23FE-4D70-841E-7E4E5F911827}"
EndProject
Project("{9A19103F-16F7-4668-BE54-9A1E7A4F7556}") = "User.Domain", "User\User.Domain\User.Domain.csproj", "{E764DE8C-9ACA-468F-B6DF-2023DC8C76C9}"
EndProject
Project("{9A19103F-16F7-4668-BE54-9A1E7A4F7556}") = "User.Infrastructure", "User\User.Infrastructure\User.Infrastructure.csproj", "{25C40A59-A1AB-49D5-9773-F175FAEF9F1D}"
EndProject
Project("{2150E333-8FDC-42A3-9474-1A3956D46DE8}") = "EmailSender", "EmailSender", "{1F2F0F7A-6D05-4292-94F5-9DFBCCB04CAD}"
EndProject
Project("{9A19103F-16F7-4668-BE54-9A1E7A4F7556}") = "Email.Api", "EmailSender\Email.Api\Email.Api.csproj", "{9BF0562B-4124-4C89-A1B4-8694A2DF3B4D}"
EndProject
Project("{2150E333-8FDC-42A3-9474-1A3956D46DE8}") = "Restaurant", "Restaurant", "{9E5B2CE3-6552-4EC9-BCF7-AC3013C3D795}"
EndProject
Project("{9A19103F-16F7-4668-BE54-9A1E7A4F7556}") = "Restaurant.Domain", "Restaurant\Restaurant.Domain\Restaurant.Domain.csproj", "{31D0EBA4-C41B-4AAA-9A32-B9770E1317A2}"
EndProject
Project("{9A19103F-16F7-4668-BE54-9A1E7A4F7556}") = "Restaurant.Infrastructure", "Restaurant\Restaurant.Infrastructure\Restaurant.Infrastructure.csproj", "{DA9F40D7-16F5-4425-AC22-11FBDA342811}"
EndProject
Project("{2150E333-8FDC-42A3-9474-1A3956D46DE8}") = "DataCenter", "DataCenter", "{49FD9D3F-7957-4267-BD96-DD3B894F8AEC}"
EndProject
Project("{9A19103F-16F7-4668-BE54-9A1E7A4F7556}") = "Restaurant.Api", "Restaurant\Restaurant.Api\Restaurant.Api.csproj", "{4455E1A8-F038-44E0-9A97-7BF267CD2DA8}"
EndProject
Project("{9A19103F-16F7-4668-BE54-9A1E7A4F7556}") = "DataCenter.Api", "DataCenter\DataCenter.Api\DataCenter.Api.csproj", "{D89C01E2-E26F-4230-978D-D4CAD236EEC8}"
EndProject
Project("{2150E333-8FDC-42A3-9474-1A3956D46DE8}") = "Booking", "Booking", "{E016D773-3768-458F-AF37-42ECCF62807E}"
EndProject
Project("{9A19103F-16F7-4668-BE54-9A1E7A4F7556}") = "Book.Api", "Booking\Book.Api\Book.Api.csproj", "{DFA03DF0-1784-455B-992D-633E9151FBD8}"
EndProject
Project("{9A19103F-16F7-4668-BE54-9A1E7A4F7556}") = "Book.Domain", "Booking\Book.Domain\Book.Domain.csproj", "{A28195EB-604B-4888-8F9C-40148346EE6E}"
EndProject
Project("{9A19103F-16F7-4668-BE54-9A1E7A4F7556}") = "Book.Infrastructure", "Booking\Book.Infrastructure\Book.Infrastructure.csproj", "{3F7250FC-0080-4A27-9E24-9A4E4F13B8CF}"
EndProject
Global
	GlobalSection(SolutionConfigurationPlatforms) = preSolution
		Debug|Any CPU = Debug|Any CPU
		Release|Any CPU = Release|Any CPU
	EndGlobalSection
	GlobalSection(ProjectConfigurationPlatforms) = postSolution
		{30CB822E-23FE-4D70-841E-7E4E5F911827}.Debug|Any CPU.ActiveCfg = Debug|Any CPU
		{30CB822E-23FE-4D70-841E-7E4E5F911827}.Debug|Any CPU.Build.0 = Debug|Any CPU
		{30CB822E-23FE-4D70-841E-7E4E5F911827}.Release|Any CPU.ActiveCfg = Release|Any CPU
		{30CB822E-23FE-4D70-841E-7E4E5F911827}.Release|Any CPU.Build.0 = Release|Any CPU
		{E764DE8C-9ACA-468F-B6DF-2023DC8C76C9}.Debug|Any CPU.ActiveCfg = Debug|Any CPU
		{E764DE8C-9ACA-468F-B6DF-2023DC8C76C9}.Debug|Any CPU.Build.0 = Debug|Any CPU
		{E764DE8C-9ACA-468F-B6DF-2023DC8C76C9}.Release|Any CPU.ActiveCfg = Release|Any CPU
		{E764DE8C-9ACA-468F-B6DF-2023DC8C76C9}.Release|Any CPU.Build.0 = Release|Any CPU
		{25C40A59-A1AB-49D5-9773-F175FAEF9F1D}.Debug|Any CPU.ActiveCfg = Debug|Any CPU
		{25C40A59-A1AB-49D5-9773-F175FAEF9F1D}.Debug|Any CPU.Build.0 = Debug|Any CPU
		{25C40A59-A1AB-49D5-9773-F175FAEF9F1D}.Release|Any CPU.ActiveCfg = Release|Any CPU
		{25C40A59-A1AB-49D5-9773-F175FAEF9F1D}.Release|Any CPU.Build.0 = Release|Any CPU
		{9BF0562B-4124-4C89-A1B4-8694A2DF3B4D}.Debug|Any CPU.ActiveCfg = Debug|Any CPU
		{9BF0562B-4124-4C89-A1B4-8694A2DF3B4D}.Debug|Any CPU.Build.0 = Debug|Any CPU
		{9BF0562B-4124-4C89-A1B4-8694A2DF3B4D}.Release|Any CPU.ActiveCfg = Release|Any CPU
		{9BF0562B-4124-4C89-A1B4-8694A2DF3B4D}.Release|Any CPU.Build.0 = Release|Any CPU
		{31D0EBA4-C41B-4AAA-9A32-B9770E1317A2}.Debug|Any CPU.ActiveCfg = Debug|Any CPU
		{31D0EBA4-C41B-4AAA-9A32-B9770E1317A2}.Debug|Any CPU.Build.0 = Debug|Any CPU
		{31D0EBA4-C41B-4AAA-9A32-B9770E1317A2}.Release|Any CPU.ActiveCfg = Release|Any CPU
		{31D0EBA4-C41B-4AAA-9A32-B9770E1317A2}.Release|Any CPU.Build.0 = Release|Any CPU
		{DA9F40D7-16F5-4425-AC22-11FBDA342811}.Debug|Any CPU.ActiveCfg = Debug|Any CPU
		{DA9F40D7-16F5-4425-AC22-11FBDA342811}.Debug|Any CPU.Build.0 = Debug|Any CPU
		{DA9F40D7-16F5-4425-AC22-11FBDA342811}.Release|Any CPU.ActiveCfg = Release|Any CPU
		{DA9F40D7-16F5-4425-AC22-11FBDA342811}.Release|Any CPU.Build.0 = Release|Any CPU
		{4455E1A8-F038-44E0-9A97-7BF267CD2DA8}.Debug|Any CPU.ActiveCfg = Debug|Any CPU
		{4455E1A8-F038-44E0-9A97-7BF267CD2DA8}.Debug|Any CPU.Build.0 = Debug|Any CPU
		{4455E1A8-F038-44E0-9A97-7BF267CD2DA8}.Release|Any CPU.ActiveCfg = Release|Any CPU
		{4455E1A8-F038-44E0-9A97-7BF267CD2DA8}.Release|Any CPU.Build.0 = Release|Any CPU
		{D89C01E2-E26F-4230-978D-D4CAD236EEC8}.Debug|Any CPU.ActiveCfg = Debug|Any CPU
		{D89C01E2-E26F-4230-978D-D4CAD236EEC8}.Debug|Any CPU.Build.0 = Debug|Any CPU
		{D89C01E2-E26F-4230-978D-D4CAD236EEC8}.Release|Any CPU.ActiveCfg = Release|Any CPU
		{D89C01E2-E26F-4230-978D-D4CAD236EEC8}.Release|Any CPU.Build.0 = Release|Any CPU
		{DFA03DF0-1784-455B-992D-633E9151FBD8}.Debug|Any CPU.ActiveCfg = Debug|Any CPU
		{DFA03DF0-1784-455B-992D-633E9151FBD8}.Debug|Any CPU.Build.0 = Debug|Any CPU
		{DFA03DF0-1784-455B-992D-633E9151FBD8}.Release|Any CPU.ActiveCfg = Release|Any CPU
		{DFA03DF0-1784-455B-992D-633E9151FBD8}.Release|Any CPU.Build.0 = Release|Any CPU
		{A28195EB-604B-4888-8F9C-40148346EE6E}.Debug|Any CPU.ActiveCfg = Debug|Any CPU
		{A28195EB-604B-4888-8F9C-40148346EE6E}.Debug|Any CPU.Build.0 = Debug|Any CPU
		{A28195EB-604B-4888-8F9C-40148346EE6E}.Release|Any CPU.ActiveCfg = Release|Any CPU
		{A28195EB-604B-4888-8F9C-40148346EE6E}.Release|Any CPU.Build.0 = Release|Any CPU
		{3F7250FC-0080-4A27-9E24-9A4E4F13B8CF}.Debug|Any CPU.ActiveCfg = Debug|Any CPU
		{3F7250FC-0080-4A27-9E24-9A4E4F13B8CF}.Debug|Any CPU.Build.0 = Debug|Any CPU
		{3F7250FC-0080-4A27-9E24-9A4E4F13B8CF}.Release|Any CPU.ActiveCfg = Release|Any CPU
		{3F7250FC-0080-4A27-9E24-9A4E4F13B8CF}.Release|Any CPU.Build.0 = Release|Any CPU
	EndGlobalSection
	GlobalSection(SolutionProperties) = preSolution
		HideSolutionNode = FALSE
	EndGlobalSection
	GlobalSection(NestedProjects) = preSolution
		{30CB822E-23FE-4D70-841E-7E4E5F911827} = {85217F4D-AEFA-4008-8B7A-DF02959DF70F}
		{E764DE8C-9ACA-468F-B6DF-2023DC8C76C9} = {85217F4D-AEFA-4008-8B7A-DF02959DF70F}
		{25C40A59-A1AB-49D5-9773-F175FAEF9F1D} = {85217F4D-AEFA-4008-8B7A-DF02959DF70F}
		{9BF0562B-4124-4C89-A1B4-8694A2DF3B4D} = {1F2F0F7A-6D05-4292-94F5-9DFBCCB04CAD}
		{31D0EBA4-C41B-4AAA-9A32-B9770E1317A2} = {9E5B2CE3-6552-4EC9-BCF7-AC3013C3D795}
		{DA9F40D7-16F5-4425-AC22-11FBDA342811} = {9E5B2CE3-6552-4EC9-BCF7-AC3013C3D795}
		{4455E1A8-F038-44E0-9A97-7BF267CD2DA8} = {9E5B2CE3-6552-4EC9-BCF7-AC3013C3D795}
		{D89C01E2-E26F-4230-978D-D4CAD236EEC8} = {49FD9D3F-7957-4267-BD96-DD3B894F8AEC}
		{DFA03DF0-1784-455B-992D-633E9151FBD8} = {E016D773-3768-458F-AF37-42ECCF62807E}
		{A28195EB-604B-4888-8F9C-40148346EE6E} = {E016D773-3768-458F-AF37-42ECCF62807E}
		{3F7250FC-0080-4A27-9E24-9A4E4F13B8CF} = {E016D773-3768-458F-AF37-42ECCF62807E}
	EndGlobalSection
	GlobalSection(ExtensibilityGlobals) = postSolution
		SolutionGuid = {3150AB49-8AD2-4CE9-8CEB-A43887EB2E58}
	EndGlobalSection
EndGlobal
